
Microsoft Visual Studio Solution File, Format Version 12.00
# Visual Studio Version 17
VisualStudioVersion = 17.10.35122.118
MinimumVisualStudioVersion = 10.0.40219.1
Project("{FAE04EC0-301F-11D3-BF4B-00C04F79EFBC}") = "Ros.CoreBusiness", "Ros.CoreBusiness\Ros.CoreBusiness.csproj", "{73679322-70D1-4FFC-9AC9-CFE0BCAE7066}"
EndProject
Project("{FAE04EC0-301F-11D3-BF4B-00C04F79EFBC}") = "Ros.Maui", "Ros.Maui\Ros.Maui.csproj", "{062DFB84-3FB7-4C72-9D42-876856F23383}"
EndProject
Project("{FAE04EC0-301F-11D3-BF4B-00C04F79EFBC}") = "Ros.UseCases", "Ros.UseCases\Ros.UseCases.csproj", "{FF996450-47F2-4988-BCF5-664C88B7E801}"
EndProject
Global
	GlobalSection(SolutionConfigurationPlatforms) = preSolution
		Debug|Any CPU = Debug|Any CPU
		Release|Any CPU = Release|Any CPU
	EndGlobalSection
	GlobalSection(ProjectConfigurationPlatforms) = postSolution
		{73679322-70D1-4FFC-9AC9-CFE0BCAE7066}.Debug|Any CPU.ActiveCfg = Debug|Any CPU
		{73679322-70D1-4FFC-9AC9-CFE0BCAE7066}.Debug|Any CPU.Build.0 = Debug|Any CPU
		{73679322-70D1-4FFC-9AC9-CFE0BCAE7066}.Release|Any CPU.ActiveCfg = Release|Any CPU
		{73679322-70D1-4FFC-9AC9-CFE0BCAE7066}.Release|Any CPU.Build.0 = Release|Any CPU
		{062DFB84-3FB7-4C72-9D42-876856F23383}.Debug|Any CPU.ActiveCfg = Debug|Any CPU
		{062DFB84-3FB7-4C72-9D42-876856F23383}.Debug|Any CPU.Build.0 = Debug|Any CPU
		{062DFB84-3FB7-4C72-9D42-876856F23383}.Debug|Any CPU.Deploy.0 = Debug|Any CPU
		{062DFB84-3FB7-4C72-9D42-876856F23383}.Release|Any CPU.ActiveCfg = Release|Any CPU
		{062DFB84-3FB7-4C72-9D42-876856F23383}.Release|Any CPU.Build.0 = Release|Any CPU
		{062DFB84-3FB7-4C72-9D42-876856F23383}.Release|Any CPU.Deploy.0 = Release|Any CPU
		{FF996450-47F2-4988-BCF5-664C88B7E801}.Debug|Any CPU.ActiveCfg = Debug|Any CPU
		{FF996450-47F2-4988-BCF5-664C88B7E801}.Debug|Any CPU.Build.0 = Debug|Any CPU
		{FF996450-47F2-4988-BCF5-664C88B7E801}.Release|Any CPU.ActiveCfg = Release|Any CPU
		{FF996450-47F2-4988-BCF5-664C88B7E801}.Release|Any CPU.Build.0 = Release|Any CPU
	EndGlobalSection
	GlobalSection(SolutionProperties) = preSolution
		HideSolutionNode = FALSE
	EndGlobalSection
	GlobalSection(ExtensibilityGlobals) = postSolution
		SolutionGuid = {BC5C275D-6788-4711-8CD3-283A643AE8B1}
	EndGlobalSection
EndGlobal
